
Microsoft Visual Studio Solution File, Format Version 12.00
Project("{FAE04EC0-301F-11D3-BF4B-00C04F79EFBC}") = "weatherapi", "weatherapi\weatherapi.csproj", "{AC946B32-50ED-4778-8B3A-3CBE2930A5EC}"
EndProject
Project("{FAE04EC0-301F-11D3-BF4B-00C04F79EFBC}") = "WeatherMvc", "WeatherMvc\WeatherMvc.csproj", "{EA3AE5B3-43CA-4415-8DA4-54FECAC90322}"
EndProject
Global
	GlobalSection(SolutionConfigurationPlatforms) = preSolution
		Debug|Any CPU = Debug|Any CPU
		Release|Any CPU = Release|Any CPU
	EndGlobalSection
	GlobalSection(ProjectConfigurationPlatforms) = postSolution
		{AC946B32-50ED-4778-8B3A-3CBE2930A5EC}.Debug|Any CPU.ActiveCfg = Debug|Any CPU
		{AC946B32-50ED-4778-8B3A-3CBE2930A5EC}.Debug|Any CPU.Build.0 = Debug|Any CPU
		{AC946B32-50ED-4778-8B3A-3CBE2930A5EC}.Release|Any CPU.ActiveCfg = Release|Any CPU
		{AC946B32-50ED-4778-8B3A-3CBE2930A5EC}.Release|Any CPU.Build.0 = Release|Any CPU
		{EA3AE5B3-43CA-4415-8DA4-54FECAC90322}.Debug|Any CPU.ActiveCfg = Debug|Any CPU
		{EA3AE5B3-43CA-4415-8DA4-54FECAC90322}.Debug|Any CPU.Build.0 = Debug|Any CPU
		{EA3AE5B3-43CA-4415-8DA4-54FECAC90322}.Release|Any CPU.ActiveCfg = Release|Any CPU
		{EA3AE5B3-43CA-4415-8DA4-54FECAC90322}.Release|Any CPU.Build.0 = Release|Any CPU
	EndGlobalSection
EndGlobal
